
Microsoft Visual Studio Solution File, Format Version 12.00
# Visual Studio 15
VisualStudioVersion = 15.0.28307.960
MinimumVisualStudioVersion = 10.0.40219.1
Project("{FAE04EC0-301F-11D3-BF4B-00C04F79EFBC}") = "WebApplication10", "WebApplication10\WebApplication10.csproj", "{9DD6354A-AB8A-42B9-B1B0-249FD8D572D2}"
EndProject
Global
	GlobalSection(SolutionConfigurationPlatforms) = preSolution
		Debug|Any CPU = Debug|Any CPU
		Release|Any CPU = Release|Any CPU
	EndGlobalSection
	GlobalSection(ProjectConfigurationPlatforms) = postSolution
		{9DD6354A-AB8A-42B9-B1B0-249FD8D572D2}.Debug|Any CPU.ActiveCfg = Debug|Any CPU
		{9DD6354A-AB8A-42B9-B1B0-249FD8D572D2}.Debug|Any CPU.Build.0 = Debug|Any CPU
		{9DD6354A-AB8A-42B9-B1B0-249FD8D572D2}.Release|Any CPU.ActiveCfg = Release|Any CPU
		{9DD6354A-AB8A-42B9-B1B0-249FD8D572D2}.Release|Any CPU.Build.0 = Release|Any CPU
	EndGlobalSection
	GlobalSection(SolutionProperties) = preSolution
		HideSolutionNode = FALSE
	EndGlobalSection
	GlobalSection(ExtensibilityGlobals) = postSolution
		SolutionGuid = {ECD7C009-5662-4866-BD52-C1D7AEBF3CA6}
	EndGlobalSection
EndGlobal
